
Microsoft Visual Studio Solution File, Format Version 12.00
# Visual Studio 2012
Project("{FAE04EC0-301F-11D3-BF4B-00C04F79EFBC}") = "CompressedSequence", "CompressedSequence\CompressedSequence.csproj", "{B0D83BD2-13AF-457D-902B-9F15E5D0924A}"
EndProject
Global
	GlobalSection(SolutionConfigurationPlatforms) = preSolution
		Debug|Any CPU = Debug|Any CPU
		Release|Any CPU = Release|Any CPU
	EndGlobalSection
	GlobalSection(ProjectConfigurationPlatforms) = postSolution
		{B0D83BD2-13AF-457D-902B-9F15E5D0924A}.Debug|Any CPU.ActiveCfg = Debug|Any CPU
		{B0D83BD2-13AF-457D-902B-9F15E5D0924A}.Debug|Any CPU.Build.0 = Debug|Any CPU
		{B0D83BD2-13AF-457D-902B-9F15E5D0924A}.Release|Any CPU.ActiveCfg = Release|Any CPU
		{B0D83BD2-13AF-457D-902B-9F15E5D0924A}.Release|Any CPU.Build.0 = Release|Any CPU
	EndGlobalSection
	GlobalSection(SolutionProperties) = preSolution
		HideSolutionNode = FALSE
	EndGlobalSection
EndGlobal
