
Microsoft Visual Studio Solution File, Format Version 12.00
# Visual Studio 2012
Project("{FAE04EC0-301F-11D3-BF4B-00C04F79EFBC}") = "ConvertToLower", "ConvertToLower\ConvertToLower.csproj", "{01018A5F-4C16-4FA7-8BA6-1099919ACFCD}"
EndProject
Global
	GlobalSection(SolutionConfigurationPlatforms) = preSolution
		Debug|Any CPU = Debug|Any CPU
		Release|Any CPU = Release|Any CPU
	EndGlobalSection
	GlobalSection(ProjectConfigurationPlatforms) = postSolution
		{01018A5F-4C16-4FA7-8BA6-1099919ACFCD}.Debug|Any CPU.ActiveCfg = Debug|Any CPU
		{01018A5F-4C16-4FA7-8BA6-1099919ACFCD}.Debug|Any CPU.Build.0 = Debug|Any CPU
		{01018A5F-4C16-4FA7-8BA6-1099919ACFCD}.Release|Any CPU.ActiveCfg = Release|Any CPU
		{01018A5F-4C16-4FA7-8BA6-1099919ACFCD}.Release|Any CPU.Build.0 = Release|Any CPU
	EndGlobalSection
	GlobalSection(SolutionProperties) = preSolution
		HideSolutionNode = FALSE
	EndGlobalSection
EndGlobal
